// !$*UTF8*$!
{
	archiveVersion = 1;
	classes = {
	};
	objectVersion = 77;
	objects = {

/* Begin PBXBuildFile section */
		328CC4672CEAAB8F00E65114 /* Lottie in Frameworks */ = {isa = PBXBuildFile; productRef = 328CC4662CEAAB8F00E65114 /* Lottie */; };
		32B57BAC2CEC159C004D2A27 /* WidgetKit.framework in Frameworks */ = {isa = PBXBuildFile; fileRef = 32B57BAB2CEC159C004D2A27 /* WidgetKit.framework */; };
		32B57BAE2CEC159C004D2A27 /* SwiftUI.framework in Frameworks */ = {isa = PBXBuildFile; fileRef = 32B57BAD2CEC159C004D2A27 /* SwiftUI.framework */; };
		32B57BB92CEC159D004D2A27 /* ActiveQuestWidgetExtension.appex in Embed Foundation Extensions */ = {isa = PBXBuildFile; fileRef = 32B57BA92CEC159C004D2A27 /* ActiveQuestWidgetExtension.appex */; settings = {ATTRIBUTES = (RemoveHeadersOnCopy, ); }; };
/* End PBXBuildFile section */

/* Begin PBXContainerItemProxy section */
		3290C1FB2CCCD5C4008B92F4 /* PBXContainerItemProxy */ = {
			isa = PBXContainerItemProxy;
			containerPortal = 3290C1DD2CCCD5C3008B92F4 /* Project object */;
			proxyType = 1;
			remoteGlobalIDString = 3290C1E42CCCD5C3008B92F4;
			remoteInfo = RPGHabitPlanner;
		};
		3290C2052CCCD5C4008B92F4 /* PBXContainerItemProxy */ = {
			isa = PBXContainerItemProxy;
			containerPortal = 3290C1DD2CCCD5C3008B92F4 /* Project object */;
			proxyType = 1;
			remoteGlobalIDString = 3290C1E42CCCD5C3008B92F4;
			remoteInfo = RPGHabitPlanner;
		};
		32B57BB72CEC159D004D2A27 /* PBXContainerItemProxy */ = {
			isa = PBXContainerItemProxy;
			containerPortal = 3290C1DD2CCCD5C3008B92F4 /* Project object */;
			proxyType = 1;
			remoteGlobalIDString = 32B57BA82CEC159C004D2A27;
			remoteInfo = ActiveQuestWidgetExtension;
		};
/* End PBXContainerItemProxy section */

/* Begin PBXCopyFilesBuildPhase section */
		32B57BBA2CEC159D004D2A27 /* Embed Foundation Extensions */ = {
			isa = PBXCopyFilesBuildPhase;
			buildActionMask = 2147483647;
			dstPath = "";
			dstSubfolderSpec = 13;
			files = (
				32B57BB92CEC159D004D2A27 /* ActiveQuestWidgetExtension.appex in Embed Foundation Extensions */,
			);
			name = "Embed Foundation Extensions";
			runOnlyForDeploymentPostprocessing = 0;
		};
/* End PBXCopyFilesBuildPhase section */

/* Begin PBXFileReference section */
		3290C1E52CCCD5C3008B92F4 /* RPGHabitPlanner.app */ = {isa = PBXFileReference; explicitFileType = wrapper.application; includeInIndex = 0; path = RPGHabitPlanner.app; sourceTree = BUILT_PRODUCTS_DIR; };
		3290C1FA2CCCD5C4008B92F4 /* RPGHabitPlannerTests.xctest */ = {isa = PBXFileReference; explicitFileType = wrapper.cfbundle; includeInIndex = 0; path = RPGHabitPlannerTests.xctest; sourceTree = BUILT_PRODUCTS_DIR; };
		3290C2042CCCD5C4008B92F4 /* RPGHabitPlannerUITests.xctest */ = {isa = PBXFileReference; explicitFileType = wrapper.cfbundle; includeInIndex = 0; path = RPGHabitPlannerUITests.xctest; sourceTree = BUILT_PRODUCTS_DIR; };
		32B57BA92CEC159C004D2A27 /* ActiveQuestWidgetExtension.appex */ = {isa = PBXFileReference; explicitFileType = "wrapper.app-extension"; includeInIndex = 0; path = ActiveQuestWidgetExtension.appex; sourceTree = BUILT_PRODUCTS_DIR; };
		32B57BAB2CEC159C004D2A27 /* WidgetKit.framework */ = {isa = PBXFileReference; lastKnownFileType = wrapper.framework; name = WidgetKit.framework; path = System/Library/Frameworks/WidgetKit.framework; sourceTree = SDKROOT; };
		32B57BAD2CEC159C004D2A27 /* SwiftUI.framework */ = {isa = PBXFileReference; lastKnownFileType = wrapper.framework; name = SwiftUI.framework; path = System/Library/Frameworks/SwiftUI.framework; sourceTree = SDKROOT; };
		32C272A22CECB321008B504D /* ActiveQuestWidgetExtension.entitlements */ = {isa = PBXFileReference; lastKnownFileType = text.plist.entitlements; path = ActiveQuestWidgetExtension.entitlements; sourceTree = "<group>"; };
/* End PBXFileReference section */

/* Begin PBXFileSystemSynchronizedBuildFileExceptionSet section */
		32B57BBD2CEC159D004D2A27 /* Exceptions for "ActiveQuestWidget" folder in "ActiveQuestWidgetExtension" target */ = {
			isa = PBXFileSystemSynchronizedBuildFileExceptionSet;
			membershipExceptions = (
				Info.plist,
			);
			target = 32B57BA82CEC159C004D2A27 /* ActiveQuestWidgetExtension */;
		};
		32B57BC02CECAA73004D2A27 /* Exceptions for "RPGHabitPlanner" folder in "ActiveQuestWidgetExtension" target */ = {
			isa = PBXFileSystemSynchronizedBuildFileExceptionSet;
			membershipExceptions = (
				"CoreDataModels/QuestCompletionEntity+CoreDataClass.swift",
				"CoreDataModels/QuestCompletionEntity+CoreDataProperties.swift",
				"CoreDataModels/QuestEntity+CoreDataClass.swift",
				"CoreDataModels/QuestEntity+CoreDataProperties.swift",
				"CoreDataModels/TaskEntity+CoreDataClass.swift",
				"CoreDataModels/TaskEntity+CoreDataProperties.swift",
				"Fonts/IMFellEnglishSC-Regular.ttf",
				Persistence.swift,
				RPGHabitPlanner.xcdatamodeld,
			);
			target = 32B57BA82CEC159C004D2A27 /* ActiveQuestWidgetExtension */;
		};
		32D894B72E298D4D00B1BA53 /* Exceptions for "RPGHabitPlanner" folder in "RPGHabitPlanner" target */ = {
			isa = PBXFileSystemSynchronizedBuildFileExceptionSet;
			membershipExceptions = (
				Info.plist,
			);
			target = 3290C1E42CCCD5C3008B92F4 /* RPGHabitPlanner */;
		};
/* End PBXFileSystemSynchronizedBuildFileExceptionSet section */

/* Begin PBXFileSystemSynchronizedRootGroup section */
		3290C1E72CCCD5C3008B92F4 /* RPGHabitPlanner */ = {
			isa = PBXFileSystemSynchronizedRootGroup;
			exceptions = (
				32D894B72E298D4D00B1BA53 /* Exceptions for "RPGHabitPlanner" folder in "RPGHabitPlanner" target */,
				32B57BC02CECAA73004D2A27 /* Exceptions for "RPGHabitPlanner" folder in "ActiveQuestWidgetExtension" target */,
			);
			path = RPGHabitPlanner;
			sourceTree = "<group>";
		};
		3290C1FD2CCCD5C4008B92F4 /* RPGHabitPlannerTests */ = {
			isa = PBXFileSystemSynchronizedRootGroup;
			path = RPGHabitPlannerTests;
			sourceTree = "<group>";
		};
		3290C2072CCCD5C4008B92F4 /* RPGHabitPlannerUITests */ = {
			isa = PBXFileSystemSynchronizedRootGroup;
			path = RPGHabitPlannerUITests;
			sourceTree = "<group>";
		};
		32B57BAF2CEC159C004D2A27 /* ActiveQuestWidget */ = {
			isa = PBXFileSystemSynchronizedRootGroup;
			exceptions = (
				32B57BBD2CEC159D004D2A27 /* Exceptions for "ActiveQuestWidget" folder in "ActiveQuestWidgetExtension" target */,
			);
			path = ActiveQuestWidget;
			sourceTree = "<group>";
		};
/* End PBXFileSystemSynchronizedRootGroup section */

/* Begin PBXFrameworksBuildPhase section */
		3290C1E22CCCD5C3008B92F4 /* Frameworks */ = {
			isa = PBXFrameworksBuildPhase;
			buildActionMask = 2147483647;
			files = (
				328CC4672CEAAB8F00E65114 /* Lottie in Frameworks */,
			);
			runOnlyForDeploymentPostprocessing = 0;
		};
		3290C1F72CCCD5C4008B92F4 /* Frameworks */ = {
			isa = PBXFrameworksBuildPhase;
			buildActionMask = 2147483647;
			files = (
			);
			runOnlyForDeploymentPostprocessing = 0;
		};
		3290C2012CCCD5C4008B92F4 /* Frameworks */ = {
			isa = PBXFrameworksBuildPhase;
			buildActionMask = 2147483647;
			files = (
			);
			runOnlyForDeploymentPostprocessing = 0;
		};
		32B57BA62CEC159C004D2A27 /* Frameworks */ = {
			isa = PBXFrameworksBuildPhase;
			buildActionMask = 2147483647;
			files = (
				32B57BAE2CEC159C004D2A27 /* SwiftUI.framework in Frameworks */,
				32B57BAC2CEC159C004D2A27 /* WidgetKit.framework in Frameworks */,
			);
			runOnlyForDeploymentPostprocessing = 0;
		};
/* End PBXFrameworksBuildPhase section */

/* Begin PBXGroup section */
		3290C1DC2CCCD5C3008B92F4 = {
			isa = PBXGroup;
			children = (
				3290C1E72CCCD5C3008B92F4 /* RPGHabitPlanner */,
				3290C1FD2CCCD5C4008B92F4 /* RPGHabitPlannerTests */,
				3290C2072CCCD5C4008B92F4 /* RPGHabitPlannerUITests */,
				32B57BAF2CEC159C004D2A27 /* ActiveQuestWidget */,
				32B57BAA2CEC159C004D2A27 /* Frameworks */,
				3290C1E62CCCD5C3008B92F4 /* Products */,
				32C272A22CECB321008B504D /* ActiveQuestWidgetExtension.entitlements */,
			);
			sourceTree = "<group>";
		};
		3290C1E62CCCD5C3008B92F4 /* Products */ = {
			isa = PBXGroup;
			children = (
				3290C1E52CCCD5C3008B92F4 /* RPGHabitPlanner.app */,
				3290C1FA2CCCD5C4008B92F4 /* RPGHabitPlannerTests.xctest */,
				3290C2042CCCD5C4008B92F4 /* RPGHabitPlannerUITests.xctest */,
				32B57BA92CEC159C004D2A27 /* ActiveQuestWidgetExtension.appex */,
			);
			name = Products;
			sourceTree = "<group>";
		};
		32B57BAA2CEC159C004D2A27 /* Frameworks */ = {
			isa = PBXGroup;
			children = (
				32B57BAB2CEC159C004D2A27 /* WidgetKit.framework */,
				32B57BAD2CEC159C004D2A27 /* SwiftUI.framework */,
			);
			name = Frameworks;
			sourceTree = "<group>";
		};
/* End PBXGroup section */

/* Begin PBXNativeTarget section */
		3290C1E42CCCD5C3008B92F4 /* RPGHabitPlanner */ = {
			isa = PBXNativeTarget;
			buildConfigurationList = 3290C20E2CCCD5C4008B92F4 /* Build configuration list for PBXNativeTarget "RPGHabitPlanner" */;
			buildPhases = (
				3290C1E12CCCD5C3008B92F4 /* Sources */,
				3290C1E22CCCD5C3008B92F4 /* Frameworks */,
				3290C1E32CCCD5C3008B92F4 /* Resources */,
				326F8BDD2CCDA9FE005064B0 /* ShellScript */,
				32B57BBA2CEC159D004D2A27 /* Embed Foundation Extensions */,
			);
			buildRules = (
			);
			dependencies = (
				32B57BB82CEC159D004D2A27 /* PBXTargetDependency */,
			);
			fileSystemSynchronizedGroups = (
				3290C1E72CCCD5C3008B92F4 /* RPGHabitPlanner */,
			);
			name = RPGHabitPlanner;
			packageProductDependencies = (
				328CC4662CEAAB8F00E65114 /* Lottie */,
			);
			productName = RPGHabitPlanner;
			productReference = 3290C1E52CCCD5C3008B92F4 /* RPGHabitPlanner.app */;
			productType = "com.apple.product-type.application";
		};
		3290C1F92CCCD5C4008B92F4 /* RPGHabitPlannerTests */ = {
			isa = PBXNativeTarget;
			buildConfigurationList = 3290C2112CCCD5C4008B92F4 /* Build configuration list for PBXNativeTarget "RPGHabitPlannerTests" */;
			buildPhases = (
				3290C1F62CCCD5C4008B92F4 /* Sources */,
				3290C1F72CCCD5C4008B92F4 /* Frameworks */,
				3290C1F82CCCD5C4008B92F4 /* Resources */,
			);
			buildRules = (
			);
			dependencies = (
				3290C1FC2CCCD5C4008B92F4 /* PBXTargetDependency */,
			);
			fileSystemSynchronizedGroups = (
				3290C1FD2CCCD5C4008B92F4 /* RPGHabitPlannerTests */,
			);
			name = RPGHabitPlannerTests;
			packageProductDependencies = (
			);
			productName = RPGHabitPlannerTests;
			productReference = 3290C1FA2CCCD5C4008B92F4 /* RPGHabitPlannerTests.xctest */;
			productType = "com.apple.product-type.bundle.unit-test";
		};
		3290C2032CCCD5C4008B92F4 /* RPGHabitPlannerUITests */ = {
			isa = PBXNativeTarget;
			buildConfigurationList = 3290C2142CCCD5C4008B92F4 /* Build configuration list for PBXNativeTarget "RPGHabitPlannerUITests" */;
			buildPhases = (
				3290C2002CCCD5C4008B92F4 /* Sources */,
				3290C2012CCCD5C4008B92F4 /* Frameworks */,
				3290C2022CCCD5C4008B92F4 /* Resources */,
			);
			buildRules = (
			);
			dependencies = (
				3290C2062CCCD5C4008B92F4 /* PBXTargetDependency */,
			);
			fileSystemSynchronizedGroups = (
				3290C2072CCCD5C4008B92F4 /* RPGHabitPlannerUITests */,
			);
			name = RPGHabitPlannerUITests;
			packageProductDependencies = (
			);
			productName = RPGHabitPlannerUITests;
			productReference = 3290C2042CCCD5C4008B92F4 /* RPGHabitPlannerUITests.xctest */;
			productType = "com.apple.product-type.bundle.ui-testing";
		};
		32B57BA82CEC159C004D2A27 /* ActiveQuestWidgetExtension */ = {
			isa = PBXNativeTarget;
			buildConfigurationList = 32B57BBE2CEC159D004D2A27 /* Build configuration list for PBXNativeTarget "ActiveQuestWidgetExtension" */;
			buildPhases = (
				32B57BA52CEC159C004D2A27 /* Sources */,
				32B57BA62CEC159C004D2A27 /* Frameworks */,
				32B57BA72CEC159C004D2A27 /* Resources */,
			);
			buildRules = (
			);
			dependencies = (
			);
			fileSystemSynchronizedGroups = (
				32B57BAF2CEC159C004D2A27 /* ActiveQuestWidget */,
			);
			name = ActiveQuestWidgetExtension;
			packageProductDependencies = (
			);
			productName = ActiveQuestWidgetExtension;
			productReference = 32B57BA92CEC159C004D2A27 /* ActiveQuestWidgetExtension.appex */;
			productType = "com.apple.product-type.app-extension";
		};
/* End PBXNativeTarget section */

/* Begin PBXProject section */
		3290C1DD2CCCD5C3008B92F4 /* Project object */ = {
			isa = PBXProject;
			attributes = {
				BuildIndependentTargetsInParallel = 1;
				LastSwiftUpdateCheck = 1600;
				LastUpgradeCheck = 1640;
				TargetAttributes = {
					3290C1E42CCCD5C3008B92F4 = {
						CreatedOnToolsVersion = 16.0;
					};
					3290C1F92CCCD5C4008B92F4 = {
						CreatedOnToolsVersion = 16.0;
						TestTargetID = 3290C1E42CCCD5C3008B92F4;
					};
					3290C2032CCCD5C4008B92F4 = {
						CreatedOnToolsVersion = 16.0;
						TestTargetID = 3290C1E42CCCD5C3008B92F4;
					};
					32B57BA82CEC159C004D2A27 = {
						CreatedOnToolsVersion = 16.0;
					};
				};
			};
			buildConfigurationList = 3290C1E02CCCD5C3008B92F4 /* Build configuration list for PBXProject "RPGHabitPlanner" */;
			developmentRegion = en;
			hasScannedForEncodings = 0;
			knownRegions = (
				en,
				Base,
			);
			mainGroup = 3290C1DC2CCCD5C3008B92F4;
			minimizedProjectReferenceProxies = 1;
			packageReferences = (
				326F8BDC2CCDA913005064B0 /* XCRemoteSwiftPackageReference "SwiftLint" */,
				328CC4652CEAAB8F00E65114 /* XCRemoteSwiftPackageReference "lottie-ios" */,
			);
			preferredProjectObjectVersion = 77;
			productRefGroup = 3290C1E62CCCD5C3008B92F4 /* Products */;
			projectDirPath = "";
			projectRoot = "";
			targets = (
				3290C1E42CCCD5C3008B92F4 /* RPGHabitPlanner */,
				3290C1F92CCCD5C4008B92F4 /* RPGHabitPlannerTests */,
				3290C2032CCCD5C4008B92F4 /* RPGHabitPlannerUITests */,
				32B57BA82CEC159C004D2A27 /* ActiveQuestWidgetExtension */,
			);
		};
/* End PBXProject section */

/* Begin PBXResourcesBuildPhase section */
		3290C1E32CCCD5C3008B92F4 /* Resources */ = {
			isa = PBXResourcesBuildPhase;
			buildActionMask = 2147483647;
			files = (
			);
			runOnlyForDeploymentPostprocessing = 0;
		};
		3290C1F82CCCD5C4008B92F4 /* Resources */ = {
			isa = PBXResourcesBuildPhase;
			buildActionMask = 2147483647;
			files = (
			);
			runOnlyForDeploymentPostprocessing = 0;
		};
		3290C2022CCCD5C4008B92F4 /* Resources */ = {
			isa = PBXResourcesBuildPhase;
			buildActionMask = 2147483647;
			files = (
			);
			runOnlyForDeploymentPostprocessing = 0;
		};
		32B57BA72CEC159C004D2A27 /* Resources */ = {
			isa = PBXResourcesBuildPhase;
			buildActionMask = 2147483647;
			files = (
			);
			runOnlyForDeploymentPostprocessing = 0;
		};
/* End PBXResourcesBuildPhase section */

/* Begin PBXShellScriptBuildPhase section */
		326F8BDD2CCDA9FE005064B0 /* ShellScript */ = {
			isa = PBXShellScriptBuildPhase;
			alwaysOutOfDate = 1;
			buildActionMask = 2147483647;
			files = (
			);
			inputFileListPaths = (
			);
			inputPaths = (
			);
			outputFileListPaths = (
			);
			outputPaths = (
			);
			runOnlyForDeploymentPostprocessing = 0;
			shellPath = /bin/sh;
			shellScript = "if [[ \"$(uname -m)\" == arm64 ]]; then\n    export PATH=\"/opt/homebrew/bin:$PATH\"\nfi\n\n\nif which swiftlint > /dev/null; then\n  swiftlint --fix && swiftlint\nelse\n  echo \"warning: SwiftLint not installed, download from https://github.com/realm/SwiftLint\"\nfi\n";
			showEnvVarsInLog = 0;
		};
/* End PBXShellScriptBuildPhase section */

/* Begin PBXSourcesBuildPhase section */
		3290C1E12CCCD5C3008B92F4 /* Sources */ = {
			isa = PBXSourcesBuildPhase;
			buildActionMask = 2147483647;
			files = (
			);
			runOnlyForDeploymentPostprocessing = 0;
		};
		3290C1F62CCCD5C4008B92F4 /* Sources */ = {
			isa = PBXSourcesBuildPhase;
			buildActionMask = 2147483647;
			files = (
			);
			runOnlyForDeploymentPostprocessing = 0;
		};
		3290C2002CCCD5C4008B92F4 /* Sources */ = {
			isa = PBXSourcesBuildPhase;
			buildActionMask = 2147483647;
			files = (
			);
			runOnlyForDeploymentPostprocessing = 0;
		};
		32B57BA52CEC159C004D2A27 /* Sources */ = {
			isa = PBXSourcesBuildPhase;
			buildActionMask = 2147483647;
			files = (
			);
			runOnlyForDeploymentPostprocessing = 0;
		};
/* End PBXSourcesBuildPhase section */

/* Begin PBXTargetDependency section */
		3290C1FC2CCCD5C4008B92F4 /* PBXTargetDependency */ = {
			isa = PBXTargetDependency;
			target = 3290C1E42CCCD5C3008B92F4 /* RPGHabitPlanner */;
			targetProxy = 3290C1FB2CCCD5C4008B92F4 /* PBXContainerItemProxy */;
		};
		3290C2062CCCD5C4008B92F4 /* PBXTargetDependency */ = {
			isa = PBXTargetDependency;
			target = 3290C1E42CCCD5C3008B92F4 /* RPGHabitPlanner */;
			targetProxy = 3290C2052CCCD5C4008B92F4 /* PBXContainerItemProxy */;
		};
		32B57BB82CEC159D004D2A27 /* PBXTargetDependency */ = {
			isa = PBXTargetDependency;
			target = 32B57BA82CEC159C004D2A27 /* ActiveQuestWidgetExtension */;
			targetProxy = 32B57BB72CEC159D004D2A27 /* PBXContainerItemProxy */;
		};
/* End PBXTargetDependency section */

/* Begin XCBuildConfiguration section */
		3290C20C2CCCD5C4008B92F4 /* Debug */ = {
			isa = XCBuildConfiguration;
			buildSettings = {
				ALWAYS_SEARCH_USER_PATHS = NO;
				ASSETCATALOG_COMPILER_GENERATE_SWIFT_ASSET_SYMBOL_EXTENSIONS = YES;
				CLANG_ANALYZER_NONNULL = YES;
				CLANG_ANALYZER_NUMBER_OBJECT_CONVERSION = YES_AGGRESSIVE;
				CLANG_CXX_LANGUAGE_STANDARD = "gnu++20";
				CLANG_ENABLE_MODULES = YES;
				CLANG_ENABLE_OBJC_ARC = YES;
				CLANG_ENABLE_OBJC_WEAK = YES;
				CLANG_WARN_BLOCK_CAPTURE_AUTORELEASING = YES;
				CLANG_WARN_BOOL_CONVERSION = YES;
				CLANG_WARN_COMMA = YES;
				CLANG_WARN_CONSTANT_CONVERSION = YES;
				CLANG_WARN_DEPRECATED_OBJC_IMPLEMENTATIONS = YES;
				CLANG_WARN_DIRECT_OBJC_ISA_USAGE = YES_ERROR;
				CLANG_WARN_DOCUMENTATION_COMMENTS = YES;
				CLANG_WARN_EMPTY_BODY = YES;
				CLANG_WARN_ENUM_CONVERSION = YES;
				CLANG_WARN_INFINITE_RECURSION = YES;
				CLANG_WARN_INT_CONVERSION = YES;
				CLANG_WARN_NON_LITERAL_NULL_CONVERSION = YES;
				CLANG_WARN_OBJC_IMPLICIT_RETAIN_SELF = YES;
				CLANG_WARN_OBJC_LITERAL_CONVERSION = YES;
				CLANG_WARN_OBJC_ROOT_CLASS = YES_ERROR;
				CLANG_WARN_QUOTED_INCLUDE_IN_FRAMEWORK_HEADER = YES;
				CLANG_WARN_RANGE_LOOP_ANALYSIS = YES;
				CLANG_WARN_STRICT_PROTOTYPES = YES;
				CLANG_WARN_SUSPICIOUS_MOVE = YES;
				CLANG_WARN_UNGUARDED_AVAILABILITY = YES_AGGRESSIVE;
				CLANG_WARN_UNREACHABLE_CODE = YES;
				CLANG_WARN__DUPLICATE_METHOD_MATCH = YES;
				COPY_PHASE_STRIP = NO;
				DEBUG_INFORMATION_FORMAT = dwarf;
				DEVELOPMENT_TEAM = FYS62UHY46;
				ENABLE_STRICT_OBJC_MSGSEND = YES;
				ENABLE_TESTABILITY = YES;
				ENABLE_USER_SCRIPT_SANDBOXING = YES;
				GCC_C_LANGUAGE_STANDARD = gnu17;
				GCC_DYNAMIC_NO_PIC = NO;
				GCC_NO_COMMON_BLOCKS = YES;
				GCC_OPTIMIZATION_LEVEL = 0;
				GCC_PREPROCESSOR_DEFINITIONS = (
					"DEBUG=1",
					"$(inherited)",
				);
				GCC_WARN_64_TO_32_BIT_CONVERSION = YES;
				GCC_WARN_ABOUT_RETURN_TYPE = YES_ERROR;
				GCC_WARN_UNDECLARED_SELECTOR = YES;
				GCC_WARN_UNINITIALIZED_AUTOS = YES_AGGRESSIVE;
				GCC_WARN_UNUSED_FUNCTION = YES;
				GCC_WARN_UNUSED_VARIABLE = YES;
				IPHONEOS_DEPLOYMENT_TARGET = 18.0;
				LOCALIZATION_PREFERS_STRING_CATALOGS = YES;
				MTL_ENABLE_DEBUG_INFO = INCLUDE_SOURCE;
				MTL_FAST_MATH = YES;
				ONLY_ACTIVE_ARCH = YES;
				SDKROOT = iphoneos;
				SWIFT_ACTIVE_COMPILATION_CONDITIONS = "DEBUG $(inherited)";
				SWIFT_OPTIMIZATION_LEVEL = "-Onone";
			};
			name = Debug;
		};
		3290C20D2CCCD5C4008B92F4 /* Release */ = {
			isa = XCBuildConfiguration;
			buildSettings = {
				ALWAYS_SEARCH_USER_PATHS = NO;
				ASSETCATALOG_COMPILER_GENERATE_SWIFT_ASSET_SYMBOL_EXTENSIONS = YES;
				CLANG_ANALYZER_NONNULL = YES;
				CLANG_ANALYZER_NUMBER_OBJECT_CONVERSION = YES_AGGRESSIVE;
				CLANG_CXX_LANGUAGE_STANDARD = "gnu++20";
				CLANG_ENABLE_MODULES = YES;
				CLANG_ENABLE_OBJC_ARC = YES;
				CLANG_ENABLE_OBJC_WEAK = YES;
				CLANG_WARN_BLOCK_CAPTURE_AUTORELEASING = YES;
				CLANG_WARN_BOOL_CONVERSION = YES;
				CLANG_WARN_COMMA = YES;
				CLANG_WARN_CONSTANT_CONVERSION = YES;
				CLANG_WARN_DEPRECATED_OBJC_IMPLEMENTATIONS = YES;
				CLANG_WARN_DIRECT_OBJC_ISA_USAGE = YES_ERROR;
				CLANG_WARN_DOCUMENTATION_COMMENTS = YES;
				CLANG_WARN_EMPTY_BODY = YES;
				CLANG_WARN_ENUM_CONVERSION = YES;
				CLANG_WARN_INFINITE_RECURSION = YES;
				CLANG_WARN_INT_CONVERSION = YES;
				CLANG_WARN_NON_LITERAL_NULL_CONVERSION = YES;
				CLANG_WARN_OBJC_IMPLICIT_RETAIN_SELF = YES;
				CLANG_WARN_OBJC_LITERAL_CONVERSION = YES;
				CLANG_WARN_OBJC_ROOT_CLASS = YES_ERROR;
				CLANG_WARN_QUOTED_INCLUDE_IN_FRAMEWORK_HEADER = YES;
				CLANG_WARN_RANGE_LOOP_ANALYSIS = YES;
				CLANG_WARN_STRICT_PROTOTYPES = YES;
				CLANG_WARN_SUSPICIOUS_MOVE = YES;
				CLANG_WARN_UNGUARDED_AVAILABILITY = YES_AGGRESSIVE;
				CLANG_WARN_UNREACHABLE_CODE = YES;
				CLANG_WARN__DUPLICATE_METHOD_MATCH = YES;
				COPY_PHASE_STRIP = NO;
				DEBUG_INFORMATION_FORMAT = "dwarf-with-dsym";
				DEVELOPMENT_TEAM = FYS62UHY46;
				ENABLE_NS_ASSERTIONS = NO;
				ENABLE_STRICT_OBJC_MSGSEND = YES;
				ENABLE_USER_SCRIPT_SANDBOXING = YES;
				GCC_C_LANGUAGE_STANDARD = gnu17;
				GCC_NO_COMMON_BLOCKS = YES;
				GCC_WARN_64_TO_32_BIT_CONVERSION = YES;
				GCC_WARN_ABOUT_RETURN_TYPE = YES_ERROR;
				GCC_WARN_UNDECLARED_SELECTOR = YES;
				GCC_WARN_UNINITIALIZED_AUTOS = YES_AGGRESSIVE;
				GCC_WARN_UNUSED_FUNCTION = YES;
				GCC_WARN_UNUSED_VARIABLE = YES;
				IPHONEOS_DEPLOYMENT_TARGET = 18.0;
				LOCALIZATION_PREFERS_STRING_CATALOGS = YES;
				MTL_ENABLE_DEBUG_INFO = NO;
				MTL_FAST_MATH = YES;
				SDKROOT = iphoneos;
				SWIFT_COMPILATION_MODE = wholemodule;
				VALIDATE_PRODUCT = YES;
			};
			name = Release;
		};
		3290C20F2CCCD5C4008B92F4 /* Debug */ = {
			isa = XCBuildConfiguration;
			buildSettings = {
				ASSETCATALOG_COMPILER_APPICON_NAME = AppIcon;
				ASSETCATALOG_COMPILER_GLOBAL_ACCENT_COLOR_NAME = AccentColor;
				CODE_SIGN_ENTITLEMENTS = RPGHabitPlanner/RPGHabitPlanner.entitlements;
				CODE_SIGN_STYLE = Automatic;
				CURRENT_PROJECT_VERSION = 1;
				DEVELOPMENT_ASSET_PATHS = "\"RPGHabitPlanner/Preview Content\"";
				ENABLE_PREVIEWS = YES;
				ENABLE_USER_SCRIPT_SANDBOXING = NO;
				GENERATE_INFOPLIST_FILE = YES;
				INFOPLIST_FILE = RPGHabitPlanner/Info.plist;
				INFOPLIST_KEY_UIApplicationSceneManifest_Generation = YES;
				INFOPLIST_KEY_UIApplicationSupportsIndirectInputEvents = YES;
				INFOPLIST_KEY_UILaunchScreen_Generation = YES;
				INFOPLIST_KEY_UISupportedInterfaceOrientations_iPad = "UIInterfaceOrientationPortrait UIInterfaceOrientationPortraitUpsideDown UIInterfaceOrientationLandscapeLeft UIInterfaceOrientationLandscapeRight";
				INFOPLIST_KEY_UISupportedInterfaceOrientations_iPhone = "UIInterfaceOrientationPortrait UIInterfaceOrientationLandscapeLeft UIInterfaceOrientationLandscapeRight";
				IPHONEOS_DEPLOYMENT_TARGET = 16.6;
				LD_RUNPATH_SEARCH_PATHS = (
					"$(inherited)",
					"@executable_path/Frameworks",
				);
				MARKETING_VERSION = 1.0;
				PRODUCT_BUNDLE_IDENTIFIER = com.makisacik.RPGHabitPlanner;
				PRODUCT_NAME = "$(TARGET_NAME)";
				SWIFT_EMIT_LOC_STRINGS = YES;
				SWIFT_VERSION = 5.0;
				TARGETED_DEVICE_FAMILY = "1,2";
			};
			name = Debug;
		};
		3290C2102CCCD5C4008B92F4 /* Release */ = {
			isa = XCBuildConfiguration;
			buildSettings = {
				ASSETCATALOG_COMPILER_APPICON_NAME = AppIcon;
				ASSETCATALOG_COMPILER_GLOBAL_ACCENT_COLOR_NAME = AccentColor;
				CODE_SIGN_ENTITLEMENTS = RPGHabitPlanner/RPGHabitPlanner.entitlements;
				CODE_SIGN_STYLE = Automatic;
				CURRENT_PROJECT_VERSION = 1;
				DEVELOPMENT_ASSET_PATHS = "\"RPGHabitPlanner/Preview Content\"";
				ENABLE_PREVIEWS = YES;
				ENABLE_USER_SCRIPT_SANDBOXING = NO;
				GENERATE_INFOPLIST_FILE = YES;
				INFOPLIST_FILE = RPGHabitPlanner/Info.plist;
				INFOPLIST_KEY_UIApplicationSceneManifest_Generation = YES;
				INFOPLIST_KEY_UIApplicationSupportsIndirectInputEvents = YES;
				INFOPLIST_KEY_UILaunchScreen_Generation = YES;
				INFOPLIST_KEY_UISupportedInterfaceOrientations_iPad = "UIInterfaceOrientationPortrait UIInterfaceOrientationPortraitUpsideDown UIInterfaceOrientationLandscapeLeft UIInterfaceOrientationLandscapeRight";
				INFOPLIST_KEY_UISupportedInterfaceOrientations_iPhone = "UIInterfaceOrientationPortrait UIInterfaceOrientationLandscapeLeft UIInterfaceOrientationLandscapeRight";
				IPHONEOS_DEPLOYMENT_TARGET = 16.6;
				LD_RUNPATH_SEARCH_PATHS = (
					"$(inherited)",
					"@executable_path/Frameworks",
				);
				MARKETING_VERSION = 1.0;
				PRODUCT_BUNDLE_IDENTIFIER = com.makisacik.RPGHabitPlanner;
				PRODUCT_NAME = "$(TARGET_NAME)";
				SWIFT_EMIT_LOC_STRINGS = YES;
				SWIFT_VERSION = 5.0;
				TARGETED_DEVICE_FAMILY = "1,2";
			};
			name = Release;
		};
		3290C2122CCCD5C4008B92F4 /* Debug */ = {
			isa = XCBuildConfiguration;
			buildSettings = {
				BUNDLE_LOADER = "$(TEST_HOST)";
				CODE_SIGN_STYLE = Automatic;
				CURRENT_PROJECT_VERSION = 1;
				GENERATE_INFOPLIST_FILE = YES;
				IPHONEOS_DEPLOYMENT_TARGET = 18.0;
				MARKETING_VERSION = 1.0;
				PRODUCT_BUNDLE_IDENTIFIER = com.makisacik.RPGHabitPlannerTests;
				PRODUCT_NAME = "$(TARGET_NAME)";
				SWIFT_EMIT_LOC_STRINGS = NO;
				SWIFT_VERSION = 5.0;
				TARGETED_DEVICE_FAMILY = "1,2";
				TEST_HOST = "$(BUILT_PRODUCTS_DIR)/RPGHabitPlanner.app/$(BUNDLE_EXECUTABLE_FOLDER_PATH)/RPGHabitPlanner";
			};
			name = Debug;
		};
		3290C2132CCCD5C4008B92F4 /* Release */ = {
			isa = XCBuildConfiguration;
			buildSettings = {
				BUNDLE_LOADER = "$(TEST_HOST)";
				CODE_SIGN_STYLE = Automatic;
				CURRENT_PROJECT_VERSION = 1;
				GENERATE_INFOPLIST_FILE = YES;
				IPHONEOS_DEPLOYMENT_TARGET = 18.0;
				MARKETING_VERSION = 1.0;
				PRODUCT_BUNDLE_IDENTIFIER = com.makisacik.RPGHabitPlannerTests;
				PRODUCT_NAME = "$(TARGET_NAME)";
				SWIFT_EMIT_LOC_STRINGS = NO;
				SWIFT_VERSION = 5.0;
				TARGETED_DEVICE_FAMILY = "1,2";
				TEST_HOST = "$(BUILT_PRODUCTS_DIR)/RPGHabitPlanner.app/$(BUNDLE_EXECUTABLE_FOLDER_PATH)/RPGHabitPlanner";
			};
			name = Release;
		};
		3290C2152CCCD5C4008B92F4 /* Debug */ = {
			isa = XCBuildConfiguration;
			buildSettings = {
				CODE_SIGN_STYLE = Automatic;
				CURRENT_PROJECT_VERSION = 1;
				GENERATE_INFOPLIST_FILE = YES;
				MARKETING_VERSION = 1.0;
				PRODUCT_BUNDLE_IDENTIFIER = com.makisacik.RPGHabitPlannerUITests;
				PRODUCT_NAME = "$(TARGET_NAME)";
				SWIFT_EMIT_LOC_STRINGS = NO;
				SWIFT_VERSION = 5.0;
				TARGETED_DEVICE_FAMILY = "1,2";
				TEST_TARGET_NAME = RPGHabitPlanner;
			};
			name = Debug;
		};
		3290C2162CCCD5C4008B92F4 /* Release */ = {
			isa = XCBuildConfiguration;
			buildSettings = {
				CODE_SIGN_STYLE = Automatic;
				CURRENT_PROJECT_VERSION = 1;
				GENERATE_INFOPLIST_FILE = YES;
				MARKETING_VERSION = 1.0;
				PRODUCT_BUNDLE_IDENTIFIER = com.makisacik.RPGHabitPlannerUITests;
				PRODUCT_NAME = "$(TARGET_NAME)";
				SWIFT_EMIT_LOC_STRINGS = NO;
				SWIFT_VERSION = 5.0;
				TARGETED_DEVICE_FAMILY = "1,2";
				TEST_TARGET_NAME = RPGHabitPlanner;
			};
			name = Release;
		};
		32B57BBB2CEC159D004D2A27 /* Debug */ = {
			isa = XCBuildConfiguration;
			buildSettings = {
				ASSETCATALOG_COMPILER_GLOBAL_ACCENT_COLOR_NAME = AccentColor;
				ASSETCATALOG_COMPILER_WIDGET_BACKGROUND_COLOR_NAME = WidgetBackground;
				CODE_SIGN_ENTITLEMENTS = ActiveQuestWidgetExtension.entitlements;
				CODE_SIGN_STYLE = Automatic;
				CURRENT_PROJECT_VERSION = 1;
				GENERATE_INFOPLIST_FILE = YES;
				INFOPLIST_FILE = ActiveQuestWidget/Info.plist;
				INFOPLIST_KEY_CFBundleDisplayName = ActiveQuestWidget;
				INFOPLIST_KEY_NSHumanReadableCopyright = "";
				IPHONEOS_DEPLOYMENT_TARGET = 17.0;
				LD_RUNPATH_SEARCH_PATHS = (
					"$(inherited)",
					"@executable_path/Frameworks",
					"@executable_path/../../Frameworks",
				);
				MARKETING_VERSION = 1.0;
				PRODUCT_BUNDLE_IDENTIFIER = com.makisacik.RPGHabitPlanner.ActiveQuestWidget;
				PRODUCT_NAME = "$(TARGET_NAME)";
				SKIP_INSTALL = YES;
				SWIFT_EMIT_LOC_STRINGS = YES;
				SWIFT_VERSION = 5.0;
				TARGETED_DEVICE_FAMILY = "1,2";
			};
			name = Debug;
		};
		32B57BBC2CEC159D004D2A27 /* Release */ = {
			isa = XCBuildConfiguration;
			buildSettings = {
				ASSETCATALOG_COMPILER_GLOBAL_ACCENT_COLOR_NAME = AccentColor;
				ASSETCATALOG_COMPILER_WIDGET_BACKGROUND_COLOR_NAME = WidgetBackground;
				CODE_SIGN_ENTITLEMENTS = ActiveQuestWidgetExtension.entitlements;
				CODE_SIGN_STYLE = Automatic;
				CURRENT_PROJECT_VERSION = 1;
				GENERATE_INFOPLIST_FILE = YES;
				INFOPLIST_FILE = ActiveQuestWidget/Info.plist;
				INFOPLIST_KEY_CFBundleDisplayName = ActiveQuestWidget;
				INFOPLIST_KEY_NSHumanReadableCopyright = "";
				IPHONEOS_DEPLOYMENT_TARGET = 17.0;
				LD_RUNPATH_SEARCH_PATHS = (
					"$(inherited)",
					"@executable_path/Frameworks",
					"@executable_path/../../Frameworks",
				);
				MARKETING_VERSION = 1.0;
				PRODUCT_BUNDLE_IDENTIFIER = com.makisacik.RPGHabitPlanner.ActiveQuestWidget;
				PRODUCT_NAME = "$(TARGET_NAME)";
				SKIP_INSTALL = YES;
				SWIFT_EMIT_LOC_STRINGS = YES;
				SWIFT_VERSION = 5.0;
				TARGETED_DEVICE_FAMILY = "1,2";
			};
			name = Release;
		};
/* End XCBuildConfiguration section */

/* Begin XCConfigurationList section */
		3290C1E02CCCD5C3008B92F4 /* Build configuration list for PBXProject "RPGHabitPlanner" */ = {
			isa = XCConfigurationList;
			buildConfigurations = (
				3290C20C2CCCD5C4008B92F4 /* Debug */,
				3290C20D2CCCD5C4008B92F4 /* Release */,
			);
			defaultConfigurationIsVisible = 0;
			defaultConfigurationName = Release;
		};
		3290C20E2CCCD5C4008B92F4 /* Build configuration list for PBXNativeTarget "RPGHabitPlanner" */ = {
			isa = XCConfigurationList;
			buildConfigurations = (
				3290C20F2CCCD5C4008B92F4 /* Debug */,
				3290C2102CCCD5C4008B92F4 /* Release */,
			);
			defaultConfigurationIsVisible = 0;
			defaultConfigurationName = Release;
		};
		3290C2112CCCD5C4008B92F4 /* Build configuration list for PBXNativeTarget "RPGHabitPlannerTests" */ = {
			isa = XCConfigurationList;
			buildConfigurations = (
				3290C2122CCCD5C4008B92F4 /* Debug */,
				3290C2132CCCD5C4008B92F4 /* Release */,
			);
			defaultConfigurationIsVisible = 0;
			defaultConfigurationName = Release;
		};
		3290C2142CCCD5C4008B92F4 /* Build configuration list for PBXNativeTarget "RPGHabitPlannerUITests" */ = {
			isa = XCConfigurationList;
			buildConfigurations = (
				3290C2152CCCD5C4008B92F4 /* Debug */,
				3290C2162CCCD5C4008B92F4 /* Release */,
			);
			defaultConfigurationIsVisible = 0;
			defaultConfigurationName = Release;
		};
		32B57BBE2CEC159D004D2A27 /* Build configuration list for PBXNativeTarget "ActiveQuestWidgetExtension" */ = {
			isa = XCConfigurationList;
			buildConfigurations = (
				32B57BBB2CEC159D004D2A27 /* Debug */,
				32B57BBC2CEC159D004D2A27 /* Release */,
			);
			defaultConfigurationIsVisible = 0;
			defaultConfigurationName = Release;
		};
/* End XCConfigurationList section */

/* Begin XCRemoteSwiftPackageReference section */
		326F8BDC2CCDA913005064B0 /* XCRemoteSwiftPackageReference "SwiftLint" */ = {
			isa = XCRemoteSwiftPackageReference;
			repositoryURL = "https://github.com/realm/SwiftLint";
			requirement = {
				kind = upToNextMajorVersion;
				minimumVersion = 0.57.0;
			};
		};
		328CC4652CEAAB8F00E65114 /* XCRemoteSwiftPackageReference "lottie-ios" */ = {
			isa = XCRemoteSwiftPackageReference;
			repositoryURL = "https://github.com/airbnb/lottie-ios";
			requirement = {
				kind = upToNextMajorVersion;
				minimumVersion = 4.5.0;
			};
		};
/* End XCRemoteSwiftPackageReference section */

/* Begin XCSwiftPackageProductDependency section */
		328CC4662CEAAB8F00E65114 /* Lottie */ = {
			isa = XCSwiftPackageProductDependency;
			package = 328CC4652CEAAB8F00E65114 /* XCRemoteSwiftPackageReference "lottie-ios" */;
			productName = Lottie;
		};
/* End XCSwiftPackageProductDependency section */
	};
	rootObject = 3290C1DD2CCCD5C3008B92F4 /* Project object */;
}
